// !$*UTF8*$!
{
	archiveVersion = 1;
	classes = {
	};
	objectVersion = 48;
	objects = {

/* Begin PBXBuildFile section */
		0416A5C8205854310052A58F /* PhotoCollectionViewCell.swift in Sources */ = {isa = PBXBuildFile; fileRef = 0416A5C7205854310052A58F /* PhotoCollectionViewCell.swift */; };
		0416A5CB20585C620052A58F /* SDWebImage.framework in Frameworks */ = {isa = PBXBuildFile; fileRef = 0416A5CA20585C620052A58F /* SDWebImage.framework */; };
		0416A5CF2058632A0052A58F /* RoundedUIImageView.swift in Sources */ = {isa = PBXBuildFile; fileRef = 0416A5CE2058632A0052A58F /* RoundedUIImageView.swift */; };
		0416A5D1205871110052A58F /* PhotoCollectionViewController+PhotoCollectionViewCellDelegate.swift in Sources */ = {isa = PBXBuildFile; fileRef = 0416A5D0205871110052A58F /* PhotoCollectionViewController+PhotoCollectionViewCellDelegate.swift */; };
		0416A5D4205881C10052A58F /* String.swift in Sources */ = {isa = PBXBuildFile; fileRef = 0416A5D3205881C10052A58F /* String.swift */; };
		0416A5D9205884EA0052A58F /* PhotoContainerItemTests.swift in Sources */ = {isa = PBXBuildFile; fileRef = 0416A5D8205884EA0052A58F /* PhotoContainerItemTests.swift */; };
		0416A5DB205885F00052A58F /* PhotoItemResponseSuccess.json in Resources */ = {isa = PBXBuildFile; fileRef = 0416A5DA205885F00052A58F /* PhotoItemResponseSuccess.json */; };
		0416A5DD205886F70052A58F /* PhotoItemResponseMalformed.json in Resources */ = {isa = PBXBuildFile; fileRef = 0416A5DC205886F70052A58F /* PhotoItemResponseMalformed.json */; };
		0441130C205847EA008889CD /* AppDelegate.swift in Sources */ = {isa = PBXBuildFile; fileRef = 0441130B205847EA008889CD /* AppDelegate.swift */; };
		04411311205847EA008889CD /* Main.storyboard in Resources */ = {isa = PBXBuildFile; fileRef = 0441130F205847EA008889CD /* Main.storyboard */; };
		04411313205847EA008889CD /* Assets.xcassets in Resources */ = {isa = PBXBuildFile; fileRef = 04411312205847EA008889CD /* Assets.xcassets */; };
		04411316205847EA008889CD /* LaunchScreen.storyboard in Resources */ = {isa = PBXBuildFile; fileRef = 04411314205847EA008889CD /* LaunchScreen.storyboard */; };
		0441132D205848F0008889CD /* NetworkSession.swift in Sources */ = {isa = PBXBuildFile; fileRef = 0441132C205848F0008889CD /* NetworkSession.swift */; };
		0441133220584947008889CD /* PhotoContainer.swift in Sources */ = {isa = PBXBuildFile; fileRef = 0441133120584947008889CD /* PhotoContainer.swift */; };
		04411336205849A4008889CD /* PhotoService.swift in Sources */ = {isa = PBXBuildFile; fileRef = 04411335205849A4008889CD /* PhotoService.swift */; };
		04411339205849DE008889CD /* PhotoServiceTests.swift in Sources */ = {isa = PBXBuildFile; fileRef = 04411338205849DE008889CD /* PhotoServiceTests.swift */; };
		0441133B20584A21008889CD /* PhotoResponseSuccess.json in Resources */ = {isa = PBXBuildFile; fileRef = 0441133A20584A21008889CD /* PhotoResponseSuccess.json */; };
		0441133E20585282008889CD /* PhotoCollectionViewController.swift in Sources */ = {isa = PBXBuildFile; fileRef = 0441133D20585282008889CD /* PhotoCollectionViewController.swift */; };
		0494AC59205932D0001E6DC1 /* DateFormatter.swift in Sources */ = {isa = PBXBuildFile; fileRef = 0494AC58205932D0001E6DC1 /* DateFormatter.swift */; };
		0494AC5C2059333F001E6DC1 /* DateFormatterTests.swift in Sources */ = {isa = PBXBuildFile; fileRef = 0494AC5B2059333F001E6DC1 /* DateFormatterTests.swift */; };
		0494AC6020593605001E6DC1 /* PhotoContainer+Sorting.swift in Sources */ = {isa = PBXBuildFile; fileRef = 0494AC5F20593605001E6DC1 /* PhotoContainer+Sorting.swift */; };
		0494AC6220593722001E6DC1 /* PhotoContainerTests.swift in Sources */ = {isa = PBXBuildFile; fileRef = 0494AC6120593722001E6DC1 /* PhotoContainerTests.swift */; };
/* End PBXBuildFile section */

/* Begin PBXContainerItemProxy section */
		0441131D205847EA008889CD /* PBXContainerItemProxy */ = {
			isa = PBXContainerItemProxy;
			containerPortal = 04411300205847EA008889CD /* Project object */;
			proxyType = 1;
			remoteGlobalIDString = 04411307205847EA008889CD;
			remoteInfo = Flickr;
		};
/* End PBXContainerItemProxy section */

/* Begin PBXFileReference section */
		0416A5C7205854310052A58F /* PhotoCollectionViewCell.swift */ = {isa = PBXFileReference; lastKnownFileType = sourcecode.swift; path = PhotoCollectionViewCell.swift; sourceTree = "<group>"; };
		0416A5CA20585C620052A58F /* SDWebImage.framework */ = {isa = PBXFileReference; lastKnownFileType = wrapper.framework; name = SDWebImage.framework; path = Carthage/Build/iOS/SDWebImage.framework; sourceTree = "<group>"; };
		0416A5CE2058632A0052A58F /* RoundedUIImageView.swift */ = {isa = PBXFileReference; lastKnownFileType = sourcecode.swift; path = RoundedUIImageView.swift; sourceTree = "<group>"; };
		0416A5D0205871110052A58F /* PhotoCollectionViewController+PhotoCollectionViewCellDelegate.swift */ = {isa = PBXFileReference; lastKnownFileType = sourcecode.swift; path = "PhotoCollectionViewController+PhotoCollectionViewCellDelegate.swift"; sourceTree = "<group>"; };
		0416A5D3205881C10052A58F /* String.swift */ = {isa = PBXFileReference; lastKnownFileType = sourcecode.swift; path = String.swift; sourceTree = "<group>"; };
		0416A5D8205884EA0052A58F /* PhotoContainerItemTests.swift */ = {isa = PBXFileReference; lastKnownFileType = sourcecode.swift; path = PhotoContainerItemTests.swift; sourceTree = "<group>"; };
		0416A5DA205885F00052A58F /* PhotoItemResponseSuccess.json */ = {isa = PBXFileReference; lastKnownFileType = text.json; path = PhotoItemResponseSuccess.json; sourceTree = "<group>"; };
		0416A5DC205886F70052A58F /* PhotoItemResponseMalformed.json */ = {isa = PBXFileReference; lastKnownFileType = text.json; path = PhotoItemResponseMalformed.json; sourceTree = "<group>"; };
		04411308205847EA008889CD /* Flickr.app */ = {isa = PBXFileReference; explicitFileType = wrapper.application; includeInIndex = 0; path = Flickr.app; sourceTree = BUILT_PRODUCTS_DIR; };
		0441130B205847EA008889CD /* AppDelegate.swift */ = {isa = PBXFileReference; lastKnownFileType = sourcecode.swift; path = AppDelegate.swift; sourceTree = "<group>"; };
		04411310205847EA008889CD /* Base */ = {isa = PBXFileReference; lastKnownFileType = file.storyboard; name = Base; path = Base.lproj/Main.storyboard; sourceTree = "<group>"; };
		04411312205847EA008889CD /* Assets.xcassets */ = {isa = PBXFileReference; lastKnownFileType = folder.assetcatalog; path = Assets.xcassets; sourceTree = "<group>"; };
		04411315205847EA008889CD /* Base */ = {isa = PBXFileReference; lastKnownFileType = file.storyboard; name = Base; path = Base.lproj/LaunchScreen.storyboard; sourceTree = "<group>"; };
		04411317205847EA008889CD /* Info.plist */ = {isa = PBXFileReference; lastKnownFileType = text.plist.xml; path = Info.plist; sourceTree = "<group>"; };
		0441131C205847EA008889CD /* FlickrTests.xctest */ = {isa = PBXFileReference; explicitFileType = wrapper.cfbundle; includeInIndex = 0; path = FlickrTests.xctest; sourceTree = BUILT_PRODUCTS_DIR; };
		04411322205847EA008889CD /* Info.plist */ = {isa = PBXFileReference; lastKnownFileType = text.plist.xml; path = Info.plist; sourceTree = "<group>"; };
		0441132C205848F0008889CD /* NetworkSession.swift */ = {isa = PBXFileReference; lastKnownFileType = sourcecode.swift; path = NetworkSession.swift; sourceTree = "<group>"; };
		0441133120584947008889CD /* PhotoContainer.swift */ = {isa = PBXFileReference; lastKnownFileType = sourcecode.swift; path = PhotoContainer.swift; sourceTree = "<group>"; };
		04411335205849A4008889CD /* PhotoService.swift */ = {isa = PBXFileReference; lastKnownFileType = sourcecode.swift; path = PhotoService.swift; sourceTree = "<group>"; };
		04411338205849DE008889CD /* PhotoServiceTests.swift */ = {isa = PBXFileReference; lastKnownFileType = sourcecode.swift; path = PhotoServiceTests.swift; sourceTree = "<group>"; };
		0441133A20584A21008889CD /* PhotoResponseSuccess.json */ = {isa = PBXFileReference; fileEncoding = 4; lastKnownFileType = text.json; path = PhotoResponseSuccess.json; sourceTree = "<group>"; };
		0441133D20585282008889CD /* PhotoCollectionViewController.swift */ = {isa = PBXFileReference; lastKnownFileType = sourcecode.swift; path = PhotoCollectionViewController.swift; sourceTree = "<group>"; };
		0494AC58205932D0001E6DC1 /* DateFormatter.swift */ = {isa = PBXFileReference; lastKnownFileType = sourcecode.swift; path = DateFormatter.swift; sourceTree = "<group>"; };
		0494AC5B2059333F001E6DC1 /* DateFormatterTests.swift */ = {isa = PBXFileReference; lastKnownFileType = sourcecode.swift; path = DateFormatterTests.swift; sourceTree = "<group>"; };
		0494AC5F20593605001E6DC1 /* PhotoContainer+Sorting.swift */ = {isa = PBXFileReference; lastKnownFileType = sourcecode.swift; path = "PhotoContainer+Sorting.swift"; sourceTree = "<group>"; };
		0494AC6120593722001E6DC1 /* PhotoContainerTests.swift */ = {isa = PBXFileReference; lastKnownFileType = sourcecode.swift; path = PhotoContainerTests.swift; sourceTree = "<group>"; };
/* End PBXFileReference section */

/* Begin PBXFrameworksBuildPhase section */
		04411305205847EA008889CD /* Frameworks */ = {
			isa = PBXFrameworksBuildPhase;
			buildActionMask = 2147483647;
			files = (
				0416A5CB20585C620052A58F /* SDWebImage.framework in Frameworks */,
			);
			runOnlyForDeploymentPostprocessing = 0;
		};
		04411319205847EA008889CD /* Frameworks */ = {
			isa = PBXFrameworksBuildPhase;
			buildActionMask = 2147483647;
			files = (
			);
			runOnlyForDeploymentPostprocessing = 0;
		};
/* End PBXFrameworksBuildPhase section */

/* Begin PBXGroup section */
		0416A5C6205854210052A58F /* View */ = {
			isa = PBXGroup;
			children = (
				0416A5C7205854310052A58F /* PhotoCollectionViewCell.swift */,
			);
			path = View;
			sourceTree = "<group>";
		};
		0416A5C920585C610052A58F /* Frameworks */ = {
			isa = PBXGroup;
			children = (
				0416A5CA20585C620052A58F /* SDWebImage.framework */,
			);
			name = Frameworks;
			sourceTree = "<group>";
		};
		0416A5CD205862F30052A58F /* View */ = {
			isa = PBXGroup;
			children = (
				0416A5CE2058632A0052A58F /* RoundedUIImageView.swift */,
			);
			path = View;
			sourceTree = "<group>";
		};
		0416A5D2205881B40052A58F /* Extensions */ = {
			isa = PBXGroup;
			children = (
				0416A5D3205881C10052A58F /* String.swift */,
				0494AC58205932D0001E6DC1 /* DateFormatter.swift */,
			);
			path = Extensions;
			sourceTree = "<group>";
		};
		0416A5D5205884AD0052A58F /* Model */ = {
			isa = PBXGroup;
			children = (
				0416A5DA205885F00052A58F /* PhotoItemResponseSuccess.json */,
				0416A5DC205886F70052A58F /* PhotoItemResponseMalformed.json */,
				0494AC6120593722001E6DC1 /* PhotoContainerTests.swift */,
				0416A5D8205884EA0052A58F /* PhotoContainerItemTests.swift */,
			);
			path = Model;
			sourceTree = "<group>";
		};
		044112FF205847EA008889CD = {
			isa = PBXGroup;
			children = (
				0441130A205847EA008889CD /* Flickr */,
				0441131F205847EA008889CD /* FlickrTests */,
				04411309205847EA008889CD /* Products */,
				0416A5C920585C610052A58F /* Frameworks */,
			);
			sourceTree = "<group>";
		};
		04411309205847EA008889CD /* Products */ = {
			isa = PBXGroup;
			children = (
				04411308205847EA008889CD /* Flickr.app */,
				0441131C205847EA008889CD /* FlickrTests.xctest */,
			);
			name = Products;
			sourceTree = "<group>";
		};
		0441130A205847EA008889CD /* Flickr */ = {
			isa = PBXGroup;
			children = (
				0416A5D2205881B40052A58F /* Extensions */,
				0416A5CD205862F30052A58F /* View */,
				0441132F20584916008889CD /* Photo */,
				0441132B205848E7008889CD /* Network */,
				0441130B205847EA008889CD /* AppDelegate.swift */,
				0441130F205847EA008889CD /* Main.storyboard */,
				04411312205847EA008889CD /* Assets.xcassets */,
				04411314205847EA008889CD /* LaunchScreen.storyboard */,
				04411317205847EA008889CD /* Info.plist */,
			);
			path = Flickr;
			sourceTree = "<group>";
		};
		0441131F205847EA008889CD /* FlickrTests */ = {
			isa = PBXGroup;
			children = (
				0494AC5A20593330001E6DC1 /* Extensions */,
				0441133320584989008889CD /* Photo */,
				04411322205847EA008889CD /* Info.plist */,
			);
			path = FlickrTests;
			sourceTree = "<group>";
		};
		0441132B205848E7008889CD /* Network */ = {
			isa = PBXGroup;
			children = (
				0441132C205848F0008889CD /* NetworkSession.swift */,
			);
			path = Network;
			sourceTree = "<group>";
		};
		0441132F20584916008889CD /* Photo */ = {
			isa = PBXGroup;
			children = (
				0416A5C6205854210052A58F /* View */,
				0441133C2058516C008889CD /* Controller */,
				0441133420584999008889CD /* Service */,
				044113302058492C008889CD /* Model */,
			);
			path = Photo;
			sourceTree = "<group>";
		};
		044113302058492C008889CD /* Model */ = {
			isa = PBXGroup;
			children = (
				0441133120584947008889CD /* PhotoContainer.swift */,
				0494AC5F20593605001E6DC1 /* PhotoContainer+Sorting.swift */,
			);
			path = Model;
			sourceTree = "<group>";
		};
		0441133320584989008889CD /* Photo */ = {
			isa = PBXGroup;
			children = (
				0416A5D5205884AD0052A58F /* Model */,
				04411337205849C0008889CD /* Service */,
			);
			path = Photo;
			sourceTree = "<group>";
		};
		0441133420584999008889CD /* Service */ = {
			isa = PBXGroup;
			children = (
				04411335205849A4008889CD /* PhotoService.swift */,
			);
			path = Service;
			sourceTree = "<group>";
		};
		04411337205849C0008889CD /* Service */ = {
			isa = PBXGroup;
			children = (
				0441133A20584A21008889CD /* PhotoResponseSuccess.json */,
				04411338205849DE008889CD /* PhotoServiceTests.swift */,
			);
			path = Service;
			sourceTree = "<group>";
		};
		0441133C2058516C008889CD /* Controller */ = {
			isa = PBXGroup;
			children = (
				0441133D20585282008889CD /* PhotoCollectionViewController.swift */,
				0416A5D0205871110052A58F /* PhotoCollectionViewController+PhotoCollectionViewCellDelegate.swift */,
			);
			path = Controller;
			sourceTree = "<group>";
		};
		0494AC5A20593330001E6DC1 /* Extensions */ = {
			isa = PBXGroup;
			children = (
				0494AC5B2059333F001E6DC1 /* DateFormatterTests.swift */,
			);
			path = Extensions;
			sourceTree = "<group>";
		};
/* End PBXGroup section */

/* Begin PBXNativeTarget section */
		04411307205847EA008889CD /* Flickr */ = {
			isa = PBXNativeTarget;
			buildConfigurationList = 04411325205847EA008889CD /* Build configuration list for PBXNativeTarget "Flickr" */;
			buildPhases = (
				04411304205847EA008889CD /* Sources */,
				04411305205847EA008889CD /* Frameworks */,
				04411306205847EA008889CD /* Resources */,
				0416A5CC20585C700052A58F /* ShellScript */,
			);
			buildRules = (
			);
			dependencies = (
			);
			name = Flickr;
			productName = Flickr;
			productReference = 04411308205847EA008889CD /* Flickr.app */;
			productType = "com.apple.product-type.application";
		};
		0441131B205847EA008889CD /* FlickrTests */ = {
			isa = PBXNativeTarget;
			buildConfigurationList = 04411328205847EA008889CD /* Build configuration list for PBXNativeTarget "FlickrTests" */;
			buildPhases = (
				04411318205847EA008889CD /* Sources */,
				04411319205847EA008889CD /* Frameworks */,
				0441131A205847EA008889CD /* Resources */,
			);
			buildRules = (
			);
			dependencies = (
				0441131E205847EA008889CD /* PBXTargetDependency */,
			);
			name = FlickrTests;
			productName = FlickrTests;
			productReference = 0441131C205847EA008889CD /* FlickrTests.xctest */;
			productType = "com.apple.product-type.bundle.unit-test";
		};
/* End PBXNativeTarget section */

/* Begin PBXProject section */
		04411300205847EA008889CD /* Project object */ = {
			isa = PBXProject;
			attributes = {
				LastSwiftUpdateCheck = 0920;
				LastUpgradeCheck = 0920;
				ORGANIZATIONNAME = "Jack Wilkinson";
				TargetAttributes = {
					04411307205847EA008889CD = {
						CreatedOnToolsVersion = 9.2;
						ProvisioningStyle = Automatic;
					};
					0441131B205847EA008889CD = {
						CreatedOnToolsVersion = 9.2;
						ProvisioningStyle = Automatic;
						TestTargetID = 04411307205847EA008889CD;
					};
				};
			};
			buildConfigurationList = 04411303205847EA008889CD /* Build configuration list for PBXProject "Flickr" */;
			compatibilityVersion = "Xcode 8.0";
			developmentRegion = en;
			hasScannedForEncodings = 0;
			knownRegions = (
				en,
				Base,
			);
			mainGroup = 044112FF205847EA008889CD;
			productRefGroup = 04411309205847EA008889CD /* Products */;
			projectDirPath = "";
			projectRoot = "";
			targets = (
				04411307205847EA008889CD /* Flickr */,
				0441131B205847EA008889CD /* FlickrTests */,
			);
		};
/* End PBXProject section */

/* Begin PBXResourcesBuildPhase section */
		04411306205847EA008889CD /* Resources */ = {
			isa = PBXResourcesBuildPhase;
			buildActionMask = 2147483647;
			files = (
				04411316205847EA008889CD /* LaunchScreen.storyboard in Resources */,
				04411313205847EA008889CD /* Assets.xcassets in Resources */,
				04411311205847EA008889CD /* Main.storyboard in Resources */,
			);
			runOnlyForDeploymentPostprocessing = 0;
		};
		0441131A205847EA008889CD /* Resources */ = {
			isa = PBXResourcesBuildPhase;
			buildActionMask = 2147483647;
			files = (
				0416A5DD205886F70052A58F /* PhotoItemResponseMalformed.json in Resources */,
				0416A5DB205885F00052A58F /* PhotoItemResponseSuccess.json in Resources */,
				0441133B20584A21008889CD /* PhotoResponseSuccess.json in Resources */,
			);
			runOnlyForDeploymentPostprocessing = 0;
		};
/* End PBXResourcesBuildPhase section */

/* Begin PBXShellScriptBuildPhase section */
		0416A5CC20585C700052A58F /* ShellScript */ = {
			isa = PBXShellScriptBuildPhase;
			buildActionMask = 2147483647;
			files = (
			);
			inputPaths = (
				"$(SRCROOT)/Carthage/Build/iOS/SDWebImage.framework",
			);
			outputPaths = (
				"$(BUILT_PRODUCTS_DIR)/$(FRAMEWORKS_FOLDER_PATH)/SDWebImage.framework",
			);
			runOnlyForDeploymentPostprocessing = 0;
			shellPath = /bin/sh;
			shellScript = "/usr/local/bin/carthage copy-frameworks";
		};
/* End PBXShellScriptBuildPhase section */

/* Begin PBXSourcesBuildPhase section */
		04411304205847EA008889CD /* Sources */ = {
			isa = PBXSourcesBuildPhase;
			buildActionMask = 2147483647;
			files = (
				0416A5CF2058632A0052A58F /* RoundedUIImageView.swift in Sources */,
				04411336205849A4008889CD /* PhotoService.swift in Sources */,
				0416A5D1205871110052A58F /* PhotoCollectionViewController+PhotoCollectionViewCellDelegate.swift in Sources */,
				0416A5D4205881C10052A58F /* String.swift in Sources */,
				0494AC59205932D0001E6DC1 /* DateFormatter.swift in Sources */,
				0441133E20585282008889CD /* PhotoCollectionViewController.swift in Sources */,
				0441133220584947008889CD /* PhotoContainer.swift in Sources */,
				0441132D205848F0008889CD /* NetworkSession.swift in Sources */,
				0416A5C8205854310052A58F /* PhotoCollectionViewCell.swift in Sources */,
				0441130C205847EA008889CD /* AppDelegate.swift in Sources */,
				0494AC6020593605001E6DC1 /* PhotoContainer+Sorting.swift in Sources */,
			);
			runOnlyForDeploymentPostprocessing = 0;
		};
		04411318205847EA008889CD /* Sources */ = {
			isa = PBXSourcesBuildPhase;
			buildActionMask = 2147483647;
			files = (
				0494AC5C2059333F001E6DC1 /* DateFormatterTests.swift in Sources */,
				04411339205849DE008889CD /* PhotoServiceTests.swift in Sources */,
				0494AC6220593722001E6DC1 /* PhotoContainerTests.swift in Sources */,
				0416A5D9205884EA0052A58F /* PhotoContainerItemTests.swift in Sources */,
			);
			runOnlyForDeploymentPostprocessing = 0;
		};
/* End PBXSourcesBuildPhase section */

/* Begin PBXTargetDependency section */
		0441131E205847EA008889CD /* PBXTargetDependency */ = {
			isa = PBXTargetDependency;
			target = 04411307205847EA008889CD /* Flickr */;
			targetProxy = 0441131D205847EA008889CD /* PBXContainerItemProxy */;
		};
/* End PBXTargetDependency section */

/* Begin PBXVariantGroup section */
		0441130F205847EA008889CD /* Main.storyboard */ = {
			isa = PBXVariantGroup;
			children = (
				04411310205847EA008889CD /* Base */,
			);
			name = Main.storyboard;
			sourceTree = "<group>";
		};
		04411314205847EA008889CD /* LaunchScreen.storyboard */ = {
			isa = PBXVariantGroup;
			children = (
				04411315205847EA008889CD /* Base */,
			);
			name = LaunchScreen.storyboard;
			sourceTree = "<group>";
		};
/* End PBXVariantGroup section */

/* Begin XCBuildConfiguration section */
		04411323205847EA008889CD /* Debug */ = {
			isa = XCBuildConfiguration;
			buildSettings = {
				ALWAYS_SEARCH_USER_PATHS = NO;
				CLANG_ANALYZER_NONNULL = YES;
				CLANG_ANALYZER_NUMBER_OBJECT_CONVERSION = YES_AGGRESSIVE;
				CLANG_CXX_LANGUAGE_STANDARD = "gnu++14";
				CLANG_CXX_LIBRARY = "libc++";
				CLANG_ENABLE_MODULES = YES;
				CLANG_ENABLE_OBJC_ARC = YES;
				CLANG_WARN_BLOCK_CAPTURE_AUTORELEASING = YES;
				CLANG_WARN_BOOL_CONVERSION = YES;
				CLANG_WARN_COMMA = YES;
				CLANG_WARN_CONSTANT_CONVERSION = YES;
				CLANG_WARN_DIRECT_OBJC_ISA_USAGE = YES_ERROR;
				CLANG_WARN_DOCUMENTATION_COMMENTS = YES;
				CLANG_WARN_EMPTY_BODY = YES;
				CLANG_WARN_ENUM_CONVERSION = YES;
				CLANG_WARN_INFINITE_RECURSION = YES;
				CLANG_WARN_INT_CONVERSION = YES;
				CLANG_WARN_NON_LITERAL_NULL_CONVERSION = YES;
				CLANG_WARN_OBJC_LITERAL_CONVERSION = YES;
				CLANG_WARN_OBJC_ROOT_CLASS = YES_ERROR;
				CLANG_WARN_RANGE_LOOP_ANALYSIS = YES;
				CLANG_WARN_STRICT_PROTOTYPES = YES;
				CLANG_WARN_SUSPICIOUS_MOVE = YES;
				CLANG_WARN_UNGUARDED_AVAILABILITY = YES_AGGRESSIVE;
				CLANG_WARN_UNREACHABLE_CODE = YES;
				CLANG_WARN__DUPLICATE_METHOD_MATCH = YES;
				CODE_SIGN_IDENTITY = "iPhone Developer";
				COPY_PHASE_STRIP = NO;
				DEBUG_INFORMATION_FORMAT = dwarf;
				ENABLE_STRICT_OBJC_MSGSEND = YES;
				ENABLE_TESTABILITY = YES;
				GCC_C_LANGUAGE_STANDARD = gnu11;
				GCC_DYNAMIC_NO_PIC = NO;
				GCC_NO_COMMON_BLOCKS = YES;
				GCC_OPTIMIZATION_LEVEL = 0;
				GCC_PREPROCESSOR_DEFINITIONS = (
					"DEBUG=1",
					"$(inherited)",
				);
				GCC_WARN_64_TO_32_BIT_CONVERSION = YES;
				GCC_WARN_ABOUT_RETURN_TYPE = YES_ERROR;
				GCC_WARN_UNDECLARED_SELECTOR = YES;
				GCC_WARN_UNINITIALIZED_AUTOS = YES_AGGRESSIVE;
				GCC_WARN_UNUSED_FUNCTION = YES;
				GCC_WARN_UNUSED_VARIABLE = YES;
				IPHONEOS_DEPLOYMENT_TARGET = 11.2;
				MTL_ENABLE_DEBUG_INFO = YES;
				ONLY_ACTIVE_ARCH = YES;
				SDKROOT = iphoneos;
				SWIFT_ACTIVE_COMPILATION_CONDITIONS = DEBUG;
				SWIFT_OPTIMIZATION_LEVEL = "-Onone";
			};
			name = Debug;
		};
		04411324205847EA008889CD /* Release */ = {
			isa = XCBuildConfiguration;
			buildSettings = {
				ALWAYS_SEARCH_USER_PATHS = NO;
				CLANG_ANALYZER_NONNULL = YES;
				CLANG_ANALYZER_NUMBER_OBJECT_CONVERSION = YES_AGGRESSIVE;
				CLANG_CXX_LANGUAGE_STANDARD = "gnu++14";
				CLANG_CXX_LIBRARY = "libc++";
				CLANG_ENABLE_MODULES = YES;
				CLANG_ENABLE_OBJC_ARC = YES;
				CLANG_WARN_BLOCK_CAPTURE_AUTORELEASING = YES;
				CLANG_WARN_BOOL_CONVERSION = YES;
				CLANG_WARN_COMMA = YES;
				CLANG_WARN_CONSTANT_CONVERSION = YES;
				CLANG_WARN_DIRECT_OBJC_ISA_USAGE = YES_ERROR;
				CLANG_WARN_DOCUMENTATION_COMMENTS = YES;
				CLANG_WARN_EMPTY_BODY = YES;
				CLANG_WARN_ENUM_CONVERSION = YES;
				CLANG_WARN_INFINITE_RECURSION = YES;
				CLANG_WARN_INT_CONVERSION = YES;
				CLANG_WARN_NON_LITERAL_NULL_CONVERSION = YES;
				CLANG_WARN_OBJC_LITERAL_CONVERSION = YES;
				CLANG_WARN_OBJC_ROOT_CLASS = YES_ERROR;
				CLANG_WARN_RANGE_LOOP_ANALYSIS = YES;
				CLANG_WARN_STRICT_PROTOTYPES = YES;
				CLANG_WARN_SUSPICIOUS_MOVE = YES;
				CLANG_WARN_UNGUARDED_AVAILABILITY = YES_AGGRESSIVE;
				CLANG_WARN_UNREACHABLE_CODE = YES;
				CLANG_WARN__DUPLICATE_METHOD_MATCH = YES;
				CODE_SIGN_IDENTITY = "iPhone Developer";
				COPY_PHASE_STRIP = NO;
				DEBUG_INFORMATION_FORMAT = "dwarf-with-dsym";
				ENABLE_NS_ASSERTIONS = NO;
				ENABLE_STRICT_OBJC_MSGSEND = YES;
				GCC_C_LANGUAGE_STANDARD = gnu11;
				GCC_NO_COMMON_BLOCKS = YES;
				GCC_WARN_64_TO_32_BIT_CONVERSION = YES;
				GCC_WARN_ABOUT_RETURN_TYPE = YES_ERROR;
				GCC_WARN_UNDECLARED_SELECTOR = YES;
				GCC_WARN_UNINITIALIZED_AUTOS = YES_AGGRESSIVE;
				GCC_WARN_UNUSED_FUNCTION = YES;
				GCC_WARN_UNUSED_VARIABLE = YES;
				IPHONEOS_DEPLOYMENT_TARGET = 11.2;
				MTL_ENABLE_DEBUG_INFO = NO;
				SDKROOT = iphoneos;
				SWIFT_OPTIMIZATION_LEVEL = "-Owholemodule";
				VALIDATE_PRODUCT = YES;
			};
			name = Release;
		};
		04411326205847EA008889CD /* Debug */ = {
			isa = XCBuildConfiguration;
			buildSettings = {
				ASSETCATALOG_COMPILER_APPICON_NAME = AppIcon;
				CODE_SIGN_STYLE = Automatic;
				DEVELOPMENT_TEAM = 7C2NRDVA92;
				FRAMEWORK_SEARCH_PATHS = (
					"$(inherited)",
					"$(PROJECT_DIR)/Carthage/Build/iOS",
				);
				INFOPLIST_FILE = Flickr/Info.plist;
				LD_RUNPATH_SEARCH_PATHS = "$(inherited) @executable_path/Frameworks";
				PRODUCT_BUNDLE_IDENTIFIER = com.jackwilkinson.Flickr;
				PRODUCT_NAME = "$(TARGET_NAME)";
				SWIFT_VERSION = 4.0;
				TARGETED_DEVICE_FAMILY = "1,2";
			};
			name = Debug;
		};
		04411327205847EA008889CD /* Release */ = {
			isa = XCBuildConfiguration;
			buildSettings = {
				ASSETCATALOG_COMPILER_APPICON_NAME = AppIcon;
				CODE_SIGN_STYLE = Automatic;
				DEVELOPMENT_TEAM = 7C2NRDVA92;
				FRAMEWORK_SEARCH_PATHS = (
					"$(inherited)",
					"$(PROJECT_DIR)/Carthage/Build/iOS",
				);
				INFOPLIST_FILE = Flickr/Info.plist;
				LD_RUNPATH_SEARCH_PATHS = "$(inherited) @executable_path/Frameworks";
				PRODUCT_BUNDLE_IDENTIFIER = com.jackwilkinson.Flickr;
				PRODUCT_NAME = "$(TARGET_NAME)";
				SWIFT_VERSION = 4.0;
				TARGETED_DEVICE_FAMILY = "1,2";
			};
			name = Release;
		};
		04411329205847EA008889CD /* Debug */ = {
			isa = XCBuildConfiguration;
			buildSettings = {
				ALWAYS_EMBED_SWIFT_STANDARD_LIBRARIES = YES;
				BUNDLE_LOADER = "$(TEST_HOST)";
				CODE_SIGN_STYLE = Automatic;
				DEVELOPMENT_TEAM = 7C2NRDVA92;
				INFOPLIST_FILE = FlickrTests/Info.plist;
				LD_RUNPATH_SEARCH_PATHS = "$(inherited) @executable_path/Frameworks @loader_path/Frameworks";
				PRODUCT_BUNDLE_IDENTIFIER = com.jackwilkinson.FlickrTests;
				PRODUCT_NAME = "$(TARGET_NAME)";
				SWIFT_VERSION = 4.0;
				TARGETED_DEVICE_FAMILY = "1,2";
				TEST_HOST = "$(BUILT_PRODUCTS_DIR)/Flickr.app/Flickr";
			};
			name = Debug;
		};
		0441132A205847EA008889CD /* Release */ = {
			isa = XCBuildConfiguration;
			buildSettings = {
				ALWAYS_EMBED_SWIFT_STANDARD_LIBRARIES = YES;
				BUNDLE_LOADER = "$(TEST_HOST)";
				CODE_SIGN_STYLE = Automatic;
				DEVELOPMENT_TEAM = 7C2NRDVA92;
				INFOPLIST_FILE = FlickrTests/Info.plist;
				LD_RUNPATH_SEARCH_PATHS = "$(inherited) @executable_path/Frameworks @loader_path/Frameworks";
				PRODUCT_BUNDLE_IDENTIFIER = com.jackwilkinson.FlickrTests;
				PRODUCT_NAME = "$(TARGET_NAME)";
				SWIFT_VERSION = 4.0;
				TARGETED_DEVICE_FAMILY = "1,2";
				TEST_HOST = "$(BUILT_PRODUCTS_DIR)/Flickr.app/Flickr";
			};
			name = Release;
		};
/* End XCBuildConfiguration section */

/* Begin XCConfigurationList section */
		04411303205847EA008889CD /* Build configuration list for PBXProject "Flickr" */ = {
			isa = XCConfigurationList;
			buildConfigurations = (
				04411323205847EA008889CD /* Debug */,
				04411324205847EA008889CD /* Release */,
			);
			defaultConfigurationIsVisible = 0;
			defaultConfigurationName = Release;
		};
		04411325205847EA008889CD /* Build configuration list for PBXNativeTarget "Flickr" */ = {
			isa = XCConfigurationList;
			buildConfigurations = (
				04411326205847EA008889CD /* Debug */,
				04411327205847EA008889CD /* Release */,
			);
			defaultConfigurationIsVisible = 0;
			defaultConfigurationName = Release;
		};
		04411328205847EA008889CD /* Build configuration list for PBXNativeTarget "FlickrTests" */ = {
			isa = XCConfigurationList;
			buildConfigurations = (
				04411329205847EA008889CD /* Debug */,
				0441132A205847EA008889CD /* Release */,
			);
			defaultConfigurationIsVisible = 0;
			defaultConfigurationName = Release;
		};
/* End XCConfigurationList section */
	};
	rootObject = 04411300205847EA008889CD /* Project object */;
}
